PODS:
  - boost-for-react-native (1.63.0)
  - BVLinearGradient (2.5.6):
    - React
  - Crashlytics (3.14.0):
    - Fabric (~> 1.10.2)
  - DoubleConversion (1.1.6)
  - Fabric (1.10.2)
  - FBLazyVector (0.61.1)
  - FBReactNativeSpec (0.61.1):
    - Folly (= 2018.10.22.00)
    - RCTRequired (= 0.61.1)
    - RCTTypeSafety (= 0.61.1)
    - React-Core (= 0.61.1)
    - React-jsi (= 0.61.1)
    - ReactCommon/turbomodule/core (= 0.61.1)
  - Firebase/Core (6.13.0):
    - Firebase/CoreOnly
    - FirebaseAnalytics (= 6.1.6)
  - Firebase/CoreOnly (6.13.0):
    - FirebaseCore (= 6.4.0)
  - Firebase/Messaging (6.13.0):
    - Firebase/CoreOnly
    - FirebaseMessaging (~> 4.1.9)
  - FirebaseAnalytics (6.1.6):
    - FirebaseCore (~> 6.4)
    - FirebaseInstanceID (~> 4.2)
    - GoogleAppMeasurement (= 6.1.6)
    - GoogleUtilities/AppDelegateSwizzler (~> 6.0)
    - GoogleUtilities/MethodSwizzler (~> 6.0)
    - GoogleUtilities/Network (~> 6.0)
    - "GoogleUtilities/NSData+zlib (~> 6.0)"
    - nanopb (= 0.3.9011)
  - FirebaseAnalyticsInterop (1.5.0)
  - FirebaseCore (6.4.0):
    - FirebaseCoreDiagnostics (~> 1.0)
    - FirebaseCoreDiagnosticsInterop (~> 1.0)
    - GoogleUtilities/Environment (~> 6.2)
    - GoogleUtilities/Logger (~> 6.2)
  - FirebaseCoreDiagnostics (1.2.2):
    - FirebaseCoreDiagnosticsInterop (~> 1.2)
    - GoogleDataTransportCCTSupport (~> 2.0)
    - GoogleUtilities/Environment (~> 6.5)
    - GoogleUtilities/Logger (~> 6.5)
    - nanopb (~> 0.3.901)
  - FirebaseCoreDiagnosticsInterop (1.2.0)
  - FirebaseInstanceID (4.2.7):
    - FirebaseCore (~> 6.0)
    - GoogleUtilities/Environment (~> 6.0)
    - GoogleUtilities/UserDefaults (~> 6.0)
  - FirebaseMessaging (4.1.10):
    - FirebaseAnalyticsInterop (~> 1.3)
    - FirebaseCore (~> 6.2)
    - FirebaseInstanceID (~> 4.1)
    - GoogleUtilities/AppDelegateSwizzler (~> 6.2)
    - GoogleUtilities/Environment (~> 6.2)
    - GoogleUtilities/Reachability (~> 6.2)
    - GoogleUtilities/UserDefaults (~> 6.2)
    - Protobuf (>= 3.9.2, ~> 3.9)
  - Folly (2018.10.22.00):
    - boost-for-react-native
    - DoubleConversion
    - Folly/Default (= 2018.10.22.00)
    - glog
  - Folly/Default (2018.10.22.00):
    - boost-for-react-native
    - DoubleConversion
    - glog
  - glog (0.3.5)
  - GoogleAppMeasurement (6.1.6):
    - GoogleUtilities/AppDelegateSwizzler (~> 6.0)
    - GoogleUtilities/MethodSwizzler (~> 6.0)
    - GoogleUtilities/Network (~> 6.0)
    - "GoogleUtilities/NSData+zlib (~> 6.0)"
    - nanopb (= 0.3.9011)
  - GoogleDataTransport (5.0.0)
  - GoogleDataTransportCCTSupport (2.0.0):
    - GoogleDataTransport (~> 5.0)
    - nanopb (~> 0.3.901)
  - GoogleUtilities/AppDelegateSwizzler (6.5.1):
    - GoogleUtilities/Environment
    - GoogleUtilities/Logger
    - GoogleUtilities/Network
  - GoogleUtilities/Environment (6.5.1)
  - GoogleUtilities/Logger (6.5.1):
    - GoogleUtilities/Environment
  - GoogleUtilities/MethodSwizzler (6.5.1):
    - GoogleUtilities/Logger
  - GoogleUtilities/Network (6.5.1):
    - GoogleUtilities/Logger
    - "GoogleUtilities/NSData+zlib"
    - GoogleUtilities/Reachability
  - "GoogleUtilities/NSData+zlib (6.5.1)"
  - GoogleUtilities/Reachability (6.5.1):
    - GoogleUtilities/Logger
  - GoogleUtilities/UserDefaults (6.5.1):
    - GoogleUtilities/Logger
  - nanopb (0.3.9011):
    - nanopb/decode (= 0.3.9011)
    - nanopb/encode (= 0.3.9011)
  - nanopb/decode (0.3.9011)
  - nanopb/encode (0.3.9011)
  - Protobuf (3.11.4)
  - RCTRequired (0.61.1)
  - RCTTypeSafety (0.61.1):
    - FBLazyVector (= 0.61.1)
    - Folly (= 2018.10.22.00)
    - RCTRequired (= 0.61.1)
    - React-Core (= 0.61.1)
  - React (0.61.1):
    - React-Core (= 0.61.1)
    - React-Core/DevSupport (= 0.61.1)
    - React-Core/RCTWebSocket (= 0.61.1)
    - React-RCTActionSheet (= 0.61.1)
    - React-RCTAnimation (= 0.61.1)
    - React-RCTBlob (= 0.61.1)
    - React-RCTImage (= 0.61.1)
    - React-RCTLinking (= 0.61.1)
    - React-RCTNetwork (= 0.61.1)
    - React-RCTSettings (= 0.61.1)
    - React-RCTText (= 0.61.1)
    - React-RCTVibration (= 0.61.1)
  - React-Core (0.61.1):
    - Folly (= 2018.10.22.00)
    - glog
    - React-Core/Default (= 0.61.1)
    - React-cxxreact (= 0.61.1)
    - React-jsi (= 0.61.1)
    - React-jsiexecutor (= 0.61.1)
    - Yoga
  - React-Core/CoreModulesHeaders (0.61.1):
    - Folly (= 2018.10.22.00)
    - glog
    - React-Core/Default
    - React-cxxreact (= 0.61.1)
    - React-jsi (= 0.61.1)
    - React-jsiexecutor (= 0.61.1)
    - Yoga
  - React-Core/Default (0.61.1):
    - Folly (= 2018.10.22.00)
    - glog
    - React-cxxreact (= 0.61.1)
    - React-jsi (= 0.61.1)
    - React-jsiexecutor (= 0.61.1)
    - Yoga
  - React-Core/DevSupport (0.61.1):
    - Folly (= 2018.10.22.00)
    - glog
    - React-Core/Default (= 0.61.1)
    - React-Core/RCTWebSocket (= 0.61.1)
    - React-cxxreact (= 0.61.1)
    - React-jsi (= 0.61.1)
    - React-jsiexecutor (= 0.61.1)
    - React-jsinspector (= 0.61.1)
    - Yoga
  - React-Core/RCTActionSheetHeaders (0.61.1):
    - Folly (= 2018.10.22.00)
    - glog
    - React-Core/Default
    - React-cxxreact (= 0.61.1)
    - React-jsi (= 0.61.1)
    - React-jsiexecutor (= 0.61.1)
    - Yoga
  - React-Core/RCTAnimationHeaders (0.61.1):
    - Folly (= 2018.10.22.00)
    - glog
    - React-Core/Default
    - React-cxxreact (= 0.61.1)
    - React-jsi (= 0.61.1)
    - React-jsiexecutor (= 0.61.1)
    - Yoga
  - React-Core/RCTBlobHeaders (0.61.1):
    - Folly (= 2018.10.22.00)
    - glog
    - React-Core/Default
    - React-cxxreact (= 0.61.1)
    - React-jsi (= 0.61.1)
    - React-jsiexecutor (= 0.61.1)
    - Yoga
  - React-Core/RCTImageHeaders (0.61.1):
    - Folly (= 2018.10.22.00)
    - glog
    - React-Core/Default
    - React-cxxreact (= 0.61.1)
    - React-jsi (= 0.61.1)
    - React-jsiexecutor (= 0.61.1)
    - Yoga
  - React-Core/RCTLinkingHeaders (0.61.1):
    - Folly (= 2018.10.22.00)
    - glog
    - React-Core/Default
    - React-cxxreact (= 0.61.1)
    - React-jsi (= 0.61.1)
    - React-jsiexecutor (= 0.61.1)
    - Yoga
  - React-Core/RCTNetworkHeaders (0.61.1):
    - Folly (= 2018.10.22.00)
    - glog
    - React-Core/Default
    - React-cxxreact (= 0.61.1)
    - React-jsi (= 0.61.1)
    - React-jsiexecutor (= 0.61.1)
    - Yoga
  - React-Core/RCTSettingsHeaders (0.61.1):
    - Folly (= 2018.10.22.00)
    - glog
    - React-Core/Default
    - React-cxxreact (= 0.61.1)
    - React-jsi (= 0.61.1)
    - React-jsiexecutor (= 0.61.1)
    - Yoga
  - React-Core/RCTTextHeaders (0.61.1):
    - Folly (= 2018.10.22.00)
    - glog
    - React-Core/Default
    - React-cxxreact (= 0.61.1)
    - React-jsi (= 0.61.1)
    - React-jsiexecutor (= 0.61.1)
    - Yoga
  - React-Core/RCTVibrationHeaders (0.61.1):
    - Folly (= 2018.10.22.00)
    - glog
    - React-Core/Default
    - React-cxxreact (= 0.61.1)
    - React-jsi (= 0.61.1)
    - React-jsiexecutor (= 0.61.1)
    - Yoga
  - React-Core/RCTWebSocket (0.61.1):
    - Folly (= 2018.10.22.00)
    - glog
    - React-Core/Default (= 0.61.1)
    - React-cxxreact (= 0.61.1)
    - React-jsi (= 0.61.1)
    - React-jsiexecutor (= 0.61.1)
    - Yoga
  - React-CoreModules (0.61.1):
    - FBReactNativeSpec (= 0.61.1)
    - Folly (= 2018.10.22.00)
    - RCTTypeSafety (= 0.61.1)
    - React-Core/CoreModulesHeaders (= 0.61.1)
    - React-RCTImage (= 0.61.1)
    - ReactCommon/turbomodule/core (= 0.61.1)
  - React-cxxreact (0.61.1):
    - boost-for-react-native (= 1.63.0)
    - DoubleConversion
    - Folly (= 2018.10.22.00)
    - glog
    - React-jsinspector (= 0.61.1)
  - React-jsi (0.61.1):
    - boost-for-react-native (= 1.63.0)
    - DoubleConversion
    - Folly (= 2018.10.22.00)
    - glog
    - React-jsi/Default (= 0.61.1)
  - React-jsi/Default (0.61.1):
    - boost-for-react-native (= 1.63.0)
    - DoubleConversion
    - Folly (= 2018.10.22.00)
    - glog
  - React-jsiexecutor (0.61.1):
    - DoubleConversion
    - Folly (= 2018.10.22.00)
    - glog
    - React-cxxreact (= 0.61.1)
    - React-jsi (= 0.61.1)
  - React-jsinspector (0.61.1)
  - react-native-netinfo (5.5.1):
    - React
  - react-native-safe-area-context (0.7.3):
    - React
  - react-native-splash-screen (3.2.0):
    - React
  - React-RCTActionSheet (0.61.1):
    - React-Core/RCTActionSheetHeaders (= 0.61.1)
  - React-RCTAnimation (0.61.1):
    - React-Core/RCTAnimationHeaders (= 0.61.1)
  - React-RCTBlob (0.61.1):
    - React-Core/RCTBlobHeaders (= 0.61.1)
    - React-Core/RCTWebSocket (= 0.61.1)
    - React-jsi (= 0.61.1)
    - React-RCTNetwork (= 0.61.1)
  - React-RCTImage (0.61.1):
    - React-Core/RCTImageHeaders (= 0.61.1)
    - React-RCTNetwork (= 0.61.1)
  - React-RCTLinking (0.61.1):
    - React-Core/RCTLinkingHeaders (= 0.61.1)
  - React-RCTNetwork (0.61.1):
    - React-Core/RCTNetworkHeaders (= 0.61.1)
  - React-RCTSettings (0.61.1):
    - React-Core/RCTSettingsHeaders (= 0.61.1)
  - React-RCTText (0.61.1):
    - React-Core/RCTTextHeaders (= 0.61.1)
  - React-RCTVibration (0.61.1):
    - React-Core/RCTVibrationHeaders (= 0.61.1)
  - ReactCommon/jscallinvoker (0.61.1):
    - DoubleConversion
    - Folly (= 2018.10.22.00)
    - glog
    - React-cxxreact (= 0.61.1)
  - ReactCommon/turbomodule/core (0.61.1):
    - DoubleConversion
    - Folly (= 2018.10.22.00)
    - glog
    - React-Core (= 0.61.1)
    - React-cxxreact (= 0.61.1)
    - React-jsi (= 0.61.1)
    - ReactCommon/jscallinvoker (= 0.61.1)
  - ReactNativeAudioToolkit (2.0.2):
    - React
  - RNCAsyncStorage (1.8.0):
    - React
  - RNCMaskedView (0.1.6):
    - React
  - RNCPushNotificationIOS (1.0.6):
    - React
  - RNFirebase (5.6.0):
    - Firebase/Core
    - React
    - RNFirebase/Crashlytics (= 5.6.0)
  - RNFirebase/Crashlytics (5.6.0):
    - Crashlytics
    - Fabric
    - Firebase/Core
    - React
  - RNGestureHandler (1.6.0):
    - React
  - RNReactNativeHapticFeedback (1.9.0):
    - React
  - RNReanimated (1.7.0):
    - React
  - RNScreens (2.3.0):
    - React
  - RNSVG (11.0.1):
    - React
  - Yoga (1.14.0)

DEPENDENCIES:
  - BVLinearGradient (from `../node_modules/react-native-linear-gradient`)
  - DoubleConversion (from `../node_modules/react-native/third-party-podspecs/DoubleConversion.podspec`)
  - FBLazyVector (from `../node_modules/react-native/Libraries/FBLazyVector`)
  - FBReactNativeSpec (from `../node_modules/react-native/Libraries/FBReactNativeSpec`)
  - Firebase/Core (~> 6.13.0)
  - Firebase/Messaging (~> 6.13.0)
  - Folly (from `../node_modules/react-native/third-party-podspecs/Folly.podspec`)
  - glog (from `../node_modules/react-native/third-party-podspecs/glog.podspec`)
  - RCTRequired (from `../node_modules/react-native/Libraries/RCTRequired`)
  - RCTTypeSafety (from `../node_modules/react-native/Libraries/TypeSafety`)
  - React (from `../node_modules/react-native/`)
  - React-Core (from `../node_modules/react-native/`)
  - React-Core/DevSupport (from `../node_modules/react-native/`)
  - React-Core/RCTWebSocket (from `../node_modules/react-native/`)
  - React-CoreModules (from `../node_modules/react-native/React/CoreModules`)
  - React-cxxreact (from `../node_modules/react-native/ReactCommon/cxxreact`)
  - React-jsi (from `../node_modules/react-native/ReactCommon/jsi`)
  - React-jsiexecutor (from `../node_modules/react-native/ReactCommon/jsiexecutor`)
  - React-jsinspector (from `../node_modules/react-native/ReactCommon/jsinspector`)
  - "react-native-netinfo (from `../node_modules/@react-native-community/netinfo`)"
  - react-native-safe-area-context (from `../node_modules/react-native-safe-area-context`)
  - react-native-splash-screen (from `../node_modules/react-native-splash-screen`)
  - React-RCTActionSheet (from `../node_modules/react-native/Libraries/ActionSheetIOS`)
  - React-RCTAnimation (from `../node_modules/react-native/Libraries/NativeAnimation`)
  - React-RCTBlob (from `../node_modules/react-native/Libraries/Blob`)
  - React-RCTImage (from `../node_modules/react-native/Libraries/Image`)
  - React-RCTLinking (from `../node_modules/react-native/Libraries/LinkingIOS`)
  - React-RCTNetwork (from `../node_modules/react-native/Libraries/Network`)
  - React-RCTSettings (from `../node_modules/react-native/Libraries/Settings`)
  - React-RCTText (from `../node_modules/react-native/Libraries/Text`)
  - React-RCTVibration (from `../node_modules/react-native/Libraries/Vibration`)
  - ReactCommon/jscallinvoker (from `../node_modules/react-native/ReactCommon`)
  - ReactCommon/turbomodule/core (from `../node_modules/react-native/ReactCommon`)
  - "ReactNativeAudioToolkit (from `../node_modules/@react-native-community/audio-toolkit`)"
  - "RNCAsyncStorage (from `../node_modules/@react-native-community/async-storage`)"
  - "RNCMaskedView (from `../node_modules/@react-native-community/masked-view`)"
  - "RNCPushNotificationIOS (from `../node_modules/@react-native-community/push-notification-ios`)"
  - RNFirebase (from `../node_modules/react-native-firebase/ios`)
  - RNGestureHandler (from `../node_modules/react-native-gesture-handler`)
  - RNReactNativeHapticFeedback (from `../node_modules/react-native-haptic-feedback`)
  - RNReanimated (from `../node_modules/react-native-reanimated`)
  - RNScreens (from `../node_modules/react-native-screens`)
  - RNSVG (from `../node_modules/react-native-svg`)
  - Yoga (from `../node_modules/react-native/ReactCommon/yoga`)

SPEC REPOS:
  trunk:
    - boost-for-react-native
    - Crashlytics
    - Fabric
    - Firebase
    - FirebaseAnalytics
    - FirebaseAnalyticsInterop
    - FirebaseCore
    - FirebaseCoreDiagnostics
    - FirebaseCoreDiagnosticsInterop
    - FirebaseInstanceID
    - FirebaseMessaging
    - GoogleAppMeasurement
    - GoogleDataTransport
    - GoogleDataTransportCCTSupport
    - GoogleUtilities
    - nanopb
    - Protobuf

EXTERNAL SOURCES:
  BVLinearGradient:
    :path: "../node_modules/react-native-linear-gradient"
  DoubleConversion:
    :podspec: "../node_modules/react-native/third-party-podspecs/DoubleConversion.podspec"
  FBLazyVector:
    :path: "../node_modules/react-native/Libraries/FBLazyVector"
  FBReactNativeSpec:
    :path: "../node_modules/react-native/Libraries/FBReactNativeSpec"
  Folly:
    :podspec: "../node_modules/react-native/third-party-podspecs/Folly.podspec"
  glog:
    :podspec: "../node_modules/react-native/third-party-podspecs/glog.podspec"
  RCTRequired:
    :path: "../node_modules/react-native/Libraries/RCTRequired"
  RCTTypeSafety:
    :path: "../node_modules/react-native/Libraries/TypeSafety"
  React:
    :path: "../node_modules/react-native/"
  React-Core:
    :path: "../node_modules/react-native/"
  React-CoreModules:
    :path: "../node_modules/react-native/React/CoreModules"
  React-cxxreact:
    :path: "../node_modules/react-native/ReactCommon/cxxreact"
  React-jsi:
    :path: "../node_modules/react-native/ReactCommon/jsi"
  React-jsiexecutor:
    :path: "../node_modules/react-native/ReactCommon/jsiexecutor"
  React-jsinspector:
    :path: "../node_modules/react-native/ReactCommon/jsinspector"
  react-native-netinfo:
    :path: "../node_modules/@react-native-community/netinfo"
  react-native-safe-area-context:
    :path: "../node_modules/react-native-safe-area-context"
  react-native-splash-screen:
    :path: "../node_modules/react-native-splash-screen"
  React-RCTActionSheet:
    :path: "../node_modules/react-native/Libraries/ActionSheetIOS"
  React-RCTAnimation:
    :path: "../node_modules/react-native/Libraries/NativeAnimation"
  React-RCTBlob:
    :path: "../node_modules/react-native/Libraries/Blob"
  React-RCTImage:
    :path: "../node_modules/react-native/Libraries/Image"
  React-RCTLinking:
    :path: "../node_modules/react-native/Libraries/LinkingIOS"
  React-RCTNetwork:
    :path: "../node_modules/react-native/Libraries/Network"
  React-RCTSettings:
    :path: "../node_modules/react-native/Libraries/Settings"
  React-RCTText:
    :path: "../node_modules/react-native/Libraries/Text"
  React-RCTVibration:
    :path: "../node_modules/react-native/Libraries/Vibration"
  ReactCommon:
    :path: "../node_modules/react-native/ReactCommon"
  ReactNativeAudioToolkit:
    :path: "../node_modules/@react-native-community/audio-toolkit"
  RNCAsyncStorage:
    :path: "../node_modules/@react-native-community/async-storage"
  RNCMaskedView:
    :path: "../node_modules/@react-native-community/masked-view"
  RNCPushNotificationIOS:
    :path: "../node_modules/@react-native-community/push-notification-ios"
  RNFirebase:
    :path: "../node_modules/react-native-firebase/ios"
  RNGestureHandler:
    :path: "../node_modules/react-native-gesture-handler"
  RNReactNativeHapticFeedback:
    :path: "../node_modules/react-native-haptic-feedback"
  RNReanimated:
    :path: "../node_modules/react-native-reanimated"
  RNScreens:
    :path: "../node_modules/react-native-screens"
  RNSVG:
    :path: "../node_modules/react-native-svg"
  Yoga:
    :path: "../node_modules/react-native/ReactCommon/yoga"

SPEC CHECKSUMS:
  boost-for-react-native: 39c7adb57c4e60d6c5479dd8623128eb5b3f0f2c
  BVLinearGradient: e3aad03778a456d77928f594a649e96995f1c872
  Crashlytics: 540b7e5f5da5a042647227a5e3ac51d85eed06df
  DoubleConversion: 5805e889d232975c086db112ece9ed034df7a0b2
  Fabric: 706c8b8098fff96c33c0db69cbf81f9c551d0d74
  FBLazyVector: 0846affdb2924b01093eb696766ecb0104e409e0
  FBReactNativeSpec: c4cf958af1b97799b524f63a26a1c509c0295b04
  Firebase: 458d109512200d1aca2e1b9b6cf7d68a869a4a46
  FirebaseAnalytics: 45f36d9c429fc91d206283900ab75390cd05ee8a
  FirebaseAnalyticsInterop: 3f86269c38ae41f47afeb43ebf32a001f58fcdae
  FirebaseCore: 307ea2508df730c5865334e41965bd9ea344b0e5
  FirebaseCoreDiagnostics: e9b4cd8ba60dee0f2d13347332e4b7898cca5b61
  FirebaseCoreDiagnosticsInterop: 296e2c5f5314500a850ad0b83e9e7c10b011a850
  FirebaseInstanceID: ebd2ea79ee38db0cb5f5167b17a0d387e1cc7b6e
  FirebaseMessaging: 089b7a4991425783384acc8bcefcd78c0af913bd
  Folly: 30e7936e1c45c08d884aa59369ed951a8e68cf51
  glog: 1f3da668190260b06b429bb211bfbee5cd790c28
  GoogleAppMeasurement: dfe55efa543e899d906309eaaac6ca26d249862f
  GoogleDataTransport: a857c6a002d201b524dd4bc2ed7e7355ed07e785
  GoogleDataTransportCCTSupport: 32f75fbe904c82772fcbb6b6bd4525bfb6f2a862
  GoogleUtilities: 06eb53bb579efe7099152735900dd04bf09e7275
  nanopb: 18003b5e52dab79db540fe93fe9579f399bd1ccd
  Protobuf: 176220c526ad8bd09ab1fb40a978eac3fef665f7
  RCTRequired: 53825815218847d3e9c7b6d92ad2d197a926d51e
  RCTTypeSafety: d886540c518e53064dfa081bf7693fd650699b92
  React: 5dea58967c421bd1fdf6b94c18b9ed0f5134683c
  React-Core: b381e65aa0da9b94b9dcdc4a99298075b1c3876c
  React-CoreModules: 4ed224e29848ba76d26aacb8e3fe85712d3c4fe1
  React-cxxreact: 52c98f5c1fb4e4d9f4b588742718350a55f4f088
  React-jsi: 61ff417c95e6c3af50fb96399037e80752fb5ce7
  React-jsiexecutor: ee45274419eb95614bbbadb98e20684c5f29996e
  React-jsinspector: 574d597112f9ea3d1b717f6fb62aef764c70dd6f
  react-native-netinfo: 3bf235d94cc291cf0673ad9fd9eaae82f84ed8a9
  react-native-safe-area-context: e200d4433aba6b7e60b52da5f37af11f7a0b0392
  react-native-splash-screen: 200d11d188e2e78cea3ad319964f6142b6384865
  React-RCTActionSheet: af4d951113b1e068bb30611f91b984a7a73597ff
  React-RCTAnimation: 4f518d70bb6890b7c3d9d732f84786d6693ca297
  React-RCTBlob: 072a4888c08de0eef6d04eaa727d25e577e6ff26
  React-RCTImage: 78c5cdf1b2de6cd3cd650dd741868fad19a35528
  React-RCTLinking: 486ed1c9a659c7f9fea213868f8930b9a0a79f07
  React-RCTNetwork: e79599f3160b459da03447e32b8bcca1a0f0f797
  React-RCTSettings: 48b7c5a64ffe0c54c39d59eb7d9036e72305f95a
  React-RCTText: 81b62b4e7f11531a5154e4daa5617670d5a2d5de
  React-RCTVibration: 8be61459e3749d1fb02cf414edd05b3007622882
  ReactCommon: 4fba5be89efdf0b5720e0adb3d8d7edf6e532db0
  ReactNativeAudioToolkit: 4506c3df44edce0b3a95dfc80853e5c3ca0360a3
  RNCAsyncStorage: 5d83b49070d41fd72906a116c5e7bdac4ea3a814
  RNCMaskedView: a88953beefbd347a29072d9eba90e42945fe291e
  RNCPushNotificationIOS: 05262c52fcfb861a2b79aa8e51cad66263c9ea52
  RNFirebase: 37daa9a346d070f9f6ee1f3b4aaf4c8e3b1d5d1c
  RNGestureHandler: dde546180bf24af0b5f737c8ad04b6f3fa51609a
  RNReactNativeHapticFeedback: 2566b468cc8d0e7bb2f84b23adc0f4614594d071
  RNReanimated: 031fe8d9ea93c2bd689a40f05320ef9d96f74d7f
  RNScreens: 03bf608b92ac0acf323f47d8f5b63a8f829340c8
  RNSVG: 67f1f12dae2cef6ed59a42cae74a6b8f5a9e7b46
  Yoga: d8c572ddec8d05b7dba08e4e5f1924004a177078

PODFILE CHECKSUM: 4fa081814e93bcc414f834162c176c4d245d5754

COCOAPODS: 1.8.3
